
Microsoft Visual Studio Solution File, Format Version 12.00
# Visual Studio Version 17
VisualStudioVersion = 17.3.32929.385
MinimumVisualStudioVersion = 10.0.40219.1
Project("{FAE04EC0-301F-11D3-BF4B-00C04F79EFBC}") = "ConsoleApp1", "ConsoleApp1\ConsoleApp1.csproj", "{4C68D815-AFBB-451D-9ED6-496E09406649}"
EndProject
Global
	GlobalSection(SolutionConfigurationPlatforms) = preSolution
		Debug|Any CPU = Debug|Any CPU
		Release|Any CPU = Release|Any CPU
	EndGlobalSection
	GlobalSection(ProjectConfigurationPlatforms) = postSolution
		{4C68D815-AFBB-451D-9ED6-496E09406649}.Debug|Any CPU.ActiveCfg = Debug|Any CPU
		{4C68D815-AFBB-451D-9ED6-496E09406649}.Debug|Any CPU.Build.0 = Debug|Any CPU
		{4C68D815-AFBB-451D-9ED6-496E09406649}.Release|Any CPU.ActiveCfg = Release|Any CPU
		{4C68D815-AFBB-451D-9ED6-496E09406649}.Release|Any CPU.Build.0 = Release|Any CPU
	EndGlobalSection
	GlobalSection(SolutionProperties) = preSolution
		HideSolutionNode = FALSE
	EndGlobalSection
	GlobalSection(ExtensibilityGlobals) = postSolution
		SolutionGuid = {D0791B37-CAD6-484E-AFBF-FC117CD31B61}
	EndGlobalSection
EndGlobal
